// !$*UTF8*$!
{
	archiveVersion = 1;
	classes = {
	};
	objectVersion = 55;
	objects = {

/* Begin PBXBuildFile section */
		E47563CC904F85E7601822D5 /* Pods_appBackFront.framework in Frameworks */ = {isa = PBXBuildFile; fileRef = E409AD636E9DDB6B9CEA1243 /* Pods_appBackFront.framework */; };
		FA2BC1C229A6AC580038A263 /* HomeViewModel.swift in Sources */ = {isa = PBXBuildFile; fileRef = FA2BC1C129A6AC580038A263 /* HomeViewModel.swift */; };
		FA2BC1C529A6AE3B0038A263 /* HomeService.swift in Sources */ = {isa = PBXBuildFile; fileRef = FA2BC1C429A6AE3B0038A263 /* HomeService.swift */; };
		FA2BC1C829A6AE980038A263 /* GenericService.swift in Sources */ = {isa = PBXBuildFile; fileRef = FA2BC1C729A6AE980038A263 /* GenericService.swift */; };
		FA2BC1CB29A6B0C90038A263 /* HomeData.json in Resources */ = {isa = PBXBuildFile; fileRef = FA2BC1CA29A6B0C90038A263 /* HomeData.json */; };
		FA2BC1CE29A6B2F40038A263 /* NFTData.swift in Sources */ = {isa = PBXBuildFile; fileRef = FA2BC1CD29A6B2F40038A263 /* NFTData.swift */; };
		FA8BEFE529A4274900B43247 /* GoogleService-Info.plist in Resources */ = {isa = PBXBuildFile; fileRef = FA8BEFE429A4274900B43247 /* GoogleService-Info.plist */; };
		FA8BEFE829A428DF00B43247 /* FirebaseAuth in Frameworks */ = {isa = PBXBuildFile; productRef = FA8BEFE729A428DF00B43247 /* FirebaseAuth */; };
		FA8BEFEA29A428DF00B43247 /* FirebaseCrashlytics in Frameworks */ = {isa = PBXBuildFile; productRef = FA8BEFE929A428DF00B43247 /* FirebaseCrashlytics */; };
		FA8BEFEC29A42A7C00B43247 /* LoginViewModel.swift in Sources */ = {isa = PBXBuildFile; fileRef = FA8BEFEB29A42A7C00B43247 /* LoginViewModel.swift */; };
		FA8BEFF129A42D3300B43247 /* UIViewController+Extesion.swift in Sources */ = {isa = PBXBuildFile; fileRef = FA8BEFF029A42D3300B43247 /* UIViewController+Extesion.swift */; };
		FA9C5B2F29A67FBC001A8C52 /* AlertController.swift in Sources */ = {isa = PBXBuildFile; fileRef = FA9C5B2E29A67FBC001A8C52 /* AlertController.swift */; };
		FAC359D729A65BDB005A2CFF /* HomeVC.swift in Sources */ = {isa = PBXBuildFile; fileRef = FAC359D629A65BDB005A2CFF /* HomeVC.swift */; };
		FAC359DB29A65C50005A2CFF /* TabBarVC.swift in Sources */ = {isa = PBXBuildFile; fileRef = FAC359DA29A65C50005A2CFF /* TabBarVC.swift */; };
		FAC6DC93299D01EA00054D89 /* AppDelegate.swift in Sources */ = {isa = PBXBuildFile; fileRef = FAC6DC92299D01EA00054D89 /* AppDelegate.swift */; };
		FAC6DC95299D01EA00054D89 /* SceneDelegate.swift in Sources */ = {isa = PBXBuildFile; fileRef = FAC6DC94299D01EA00054D89 /* SceneDelegate.swift */; };
		FAC6DC97299D01EA00054D89 /* LoginVC.swift in Sources */ = {isa = PBXBuildFile; fileRef = FAC6DC96299D01EA00054D89 /* LoginVC.swift */; };
		FAC6DC9C299D01ED00054D89 /* Assets.xcassets in Resources */ = {isa = PBXBuildFile; fileRef = FAC6DC9B299D01ED00054D89 /* Assets.xcassets */; };
		FAC6DC9F299D01ED00054D89 /* LaunchScreen.storyboard in Resources */ = {isa = PBXBuildFile; fileRef = FAC6DC9D299D01ED00054D89 /* LaunchScreen.storyboard */; };
		FAC6DCA7299D050700054D89 /* LoginScreen.swift in Sources */ = {isa = PBXBuildFile; fileRef = FAC6DCA6299D050700054D89 /* LoginScreen.swift */; };
		FACC76B429A4441E0029D734 /* String+Extension.swift in Sources */ = {isa = PBXBuildFile; fileRef = FACC76B329A4441E0029D734 /* String+Extension.swift */; };
		FAE3FC6029A6971F00820ACF /* HomeScreen.swift in Sources */ = {isa = PBXBuildFile; fileRef = FAE3FC5F29A6971F00820ACF /* HomeScreen.swift */; };
/* End PBXBuildFile section */

/* Begin PBXFileReference section */
		0E6235E5848CBACAFFB35134 /* Pods-appBackFront.release.xcconfig */ = {isa = PBXFileReference; includeInIndex = 1; lastKnownFileType = text.xcconfig; name = "Pods-appBackFront.release.xcconfig"; path = "Target Support Files/Pods-appBackFront/Pods-appBackFront.release.xcconfig"; sourceTree = "<group>"; };
		A02260551A6E5794BB4C2BAD /* Pods-appBackFront.debug.xcconfig */ = {isa = PBXFileReference; includeInIndex = 1; lastKnownFileType = text.xcconfig; name = "Pods-appBackFront.debug.xcconfig"; path = "Target Support Files/Pods-appBackFront/Pods-appBackFront.debug.xcconfig"; sourceTree = "<group>"; };
		E409AD636E9DDB6B9CEA1243 /* Pods_appBackFront.framework */ = {isa = PBXFileReference; explicitFileType = wrapper.framework; includeInIndex = 0; path = Pods_appBackFront.framework; sourceTree = BUILT_PRODUCTS_DIR; };
		FA2BC1C129A6AC580038A263 /* HomeViewModel.swift */ = {isa = PBXFileReference; lastKnownFileType = sourcecode.swift; path = HomeViewModel.swift; sourceTree = "<group>"; };
		FA2BC1C429A6AE3B0038A263 /* HomeService.swift */ = {isa = PBXFileReference; lastKnownFileType = sourcecode.swift; path = HomeService.swift; sourceTree = "<group>"; };
		FA2BC1C729A6AE980038A263 /* GenericService.swift */ = {isa = PBXFileReference; lastKnownFileType = sourcecode.swift; path = GenericService.swift; sourceTree = "<group>"; };
		FA2BC1CA29A6B0C90038A263 /* HomeData.json */ = {isa = PBXFileReference; fileEncoding = 4; lastKnownFileType = text.json; path = HomeData.json; sourceTree = "<group>"; };
		FA2BC1CD29A6B2F40038A263 /* NFTData.swift */ = {isa = PBXFileReference; lastKnownFileType = sourcecode.swift; path = NFTData.swift; sourceTree = "<group>"; };
		FA8BEFE429A4274900B43247 /* GoogleService-Info.plist */ = {isa = PBXFileReference; fileEncoding = 4; lastKnownFileType = text.plist.xml; path = "GoogleService-Info.plist"; sourceTree = "<group>"; };
		FA8BEFEB29A42A7C00B43247 /* LoginViewModel.swift */ = {isa = PBXFileReference; lastKnownFileType = sourcecode.swift; path = LoginViewModel.swift; sourceTree = "<group>"; };
		FA8BEFF029A42D3300B43247 /* UIViewController+Extesion.swift */ = {isa = PBXFileReference; lastKnownFileType = sourcecode.swift; path = "UIViewController+Extesion.swift"; sourceTree = "<group>"; };
		FA9C5B2E29A67FBC001A8C52 /* AlertController.swift */ = {isa = PBXFileReference; lastKnownFileType = sourcecode.swift; path = AlertController.swift; sourceTree = "<group>"; };
		FAC359D629A65BDB005A2CFF /* HomeVC.swift */ = {isa = PBXFileReference; lastKnownFileType = sourcecode.swift; path = HomeVC.swift; sourceTree = "<group>"; };
		FAC359DA29A65C50005A2CFF /* TabBarVC.swift */ = {isa = PBXFileReference; lastKnownFileType = sourcecode.swift; path = TabBarVC.swift; sourceTree = "<group>"; };
		FAC6DC8F299D01EA00054D89 /* appBackFront.app */ = {isa = PBXFileReference; explicitFileType = wrapper.application; includeInIndex = 0; path = appBackFront.app; sourceTree = BUILT_PRODUCTS_DIR; };
		FAC6DC92299D01EA00054D89 /* AppDelegate.swift */ = {isa = PBXFileReference; lastKnownFileType = sourcecode.swift; path = AppDelegate.swift; sourceTree = "<group>"; };
		FAC6DC94299D01EA00054D89 /* SceneDelegate.swift */ = {isa = PBXFileReference; lastKnownFileType = sourcecode.swift; path = SceneDelegate.swift; sourceTree = "<group>"; };
		FAC6DC96299D01EA00054D89 /* LoginVC.swift */ = {isa = PBXFileReference; lastKnownFileType = sourcecode.swift; path = LoginVC.swift; sourceTree = "<group>"; };
		FAC6DC9B299D01ED00054D89 /* Assets.xcassets */ = {isa = PBXFileReference; lastKnownFileType = folder.assetcatalog; path = Assets.xcassets; sourceTree = "<group>"; };
		FAC6DC9E299D01ED00054D89 /* Base */ = {isa = PBXFileReference; lastKnownFileType = file.storyboard; name = Base; path = Base.lproj/LaunchScreen.storyboard; sourceTree = "<group>"; };
		FAC6DCA0299D01ED00054D89 /* Info.plist */ = {isa = PBXFileReference; lastKnownFileType = text.plist.xml; path = Info.plist; sourceTree = "<group>"; };
		FAC6DCA6299D050700054D89 /* LoginScreen.swift */ = {isa = PBXFileReference; lastKnownFileType = sourcecode.swift; path = LoginScreen.swift; sourceTree = "<group>"; };
		FACC76B329A4441E0029D734 /* String+Extension.swift */ = {isa = PBXFileReference; lastKnownFileType = sourcecode.swift; path = "String+Extension.swift"; sourceTree = "<group>"; };
		FAE3FC5F29A6971F00820ACF /* HomeScreen.swift */ = {isa = PBXFileReference; lastKnownFileType = sourcecode.swift; path = HomeScreen.swift; sourceTree = "<group>"; };
/* End PBXFileReference section */

/* Begin PBXFrameworksBuildPhase section */
		FAC6DC8C299D01EA00054D89 /* Frameworks */ = {
			isa = PBXFrameworksBuildPhase;
			buildActionMask = 2147483647;
			files = (
				FA8BEFE829A428DF00B43247 /* FirebaseAuth in Frameworks */,
				FA8BEFEA29A428DF00B43247 /* FirebaseCrashlytics in Frameworks */,
				E47563CC904F85E7601822D5 /* Pods_appBackFront.framework in Frameworks */,
			);
			runOnlyForDeploymentPostprocessing = 0;
		};
/* End PBXFrameworksBuildPhase section */

/* Begin PBXGroup section */
		2F6E54B9FD969FD815E2C24D /* Pods */ = {
			isa = PBXGroup;
			children = (
				A02260551A6E5794BB4C2BAD /* Pods-appBackFront.debug.xcconfig */,
				0E6235E5848CBACAFFB35134 /* Pods-appBackFront.release.xcconfig */,
			);
			path = Pods;
			sourceTree = "<group>";
		};
		85D835417DDD429C693D7591 /* Frameworks */ = {
			isa = PBXGroup;
			children = (
				E409AD636E9DDB6B9CEA1243 /* Pods_appBackFront.framework */,
			);
			name = Frameworks;
			sourceTree = "<group>";
		};
		FA2BC1C029A6AC2C0038A263 /* ViewModel */ = {
			isa = PBXGroup;
			children = (
				FA2BC1C129A6AC580038A263 /* HomeViewModel.swift */,
			);
			path = ViewModel;
			sourceTree = "<group>";
		};
		FA2BC1C329A6AE210038A263 /* Service */ = {
			isa = PBXGroup;
			children = (
				FA2BC1C629A6AE770038A263 /* HomeService */,
				FA2BC1C729A6AE980038A263 /* GenericService.swift */,
			);
			path = Service;
			sourceTree = "<group>";
		};
		FA2BC1C629A6AE770038A263 /* HomeService */ = {
			isa = PBXGroup;
			children = (
				FA2BC1C429A6AE3B0038A263 /* HomeService.swift */,
			);
			path = HomeService;
			sourceTree = "<group>";
		};
		FA2BC1C929A6B09F0038A263 /* Json */ = {
			isa = PBXGroup;
			children = (
				FA2BC1CA29A6B0C90038A263 /* HomeData.json */,
			);
			path = Json;
			sourceTree = "<group>";
		};
		FA2BC1CC29A6B2CC0038A263 /* Model */ = {
			isa = PBXGroup;
			children = (
				FA2BC1CD29A6B2F40038A263 /* NFTData.swift */,
			);
			path = Model;
			sourceTree = "<group>";
		};
		FA8BEFE029A423AE00B43247 /* Screen */ = {
			isa = PBXGroup;
			children = (
				FAC6DCA6299D050700054D89 /* LoginScreen.swift */,
			);
			path = Screen;
			sourceTree = "<group>";
		};
		FA8BEFE129A423B900B43247 /* VC */ = {
			isa = PBXGroup;
			children = (
				FAC6DC96299D01EA00054D89 /* LoginVC.swift */,
			);
			path = VC;
			sourceTree = "<group>";
		};
		FA8BEFED29A42A8100B43247 /* ViewModel */ = {
			isa = PBXGroup;
			children = (
				FA8BEFEB29A42A7C00B43247 /* LoginViewModel.swift */,
			);
			path = ViewModel;
			sourceTree = "<group>";
		};
		FA8BEFEE29A42CA100B43247 /* Utils */ = {
			isa = PBXGroup;
			children = (
				FA8BEFEF29A42CB600B43247 /* Extension */,
			);
			path = Utils;
			sourceTree = "<group>";
		};
		FA8BEFEF29A42CB600B43247 /* Extension */ = {
			isa = PBXGroup;
			children = (
				FA8BEFF029A42D3300B43247 /* UIViewController+Extesion.swift */,
				FACC76B329A4441E0029D734 /* String+Extension.swift */,
			);
			path = Extension;
			sourceTree = "<group>";
		};
		FA9C5B2D29A67E52001A8C52 /* Alert */ = {
			isa = PBXGroup;
			children = (
				FA9C5B2E29A67FBC001A8C52 /* AlertController.swift */,
			);
			path = Alert;
			sourceTree = "<group>";
		};
		FAC359D429A65B8F005A2CFF /* Features */ = {
			isa = PBXGroup;
			children = (
				FAC359D529A65BB0005A2CFF /* Home */,
				FAC6DCA8299D051500054D89 /* Login */,
			);
			path = Features;
			sourceTree = "<group>";
		};
		FAC359D529A65BB0005A2CFF /* Home */ = {
			isa = PBXGroup;
			children = (
				FA2BC1C029A6AC2C0038A263 /* ViewModel */,
				FAE3FC5E29A696FE00820ACF /* Screen */,
				FAC359D629A65BDB005A2CFF /* HomeVC.swift */,
			);
			path = Home;
			sourceTree = "<group>";
		};
		FAC359DC29A65CF6005A2CFF /* TabBarController */ = {
			isa = PBXGroup;
			children = (
				FAC359DA29A65C50005A2CFF /* TabBarVC.swift */,
			);
			path = TabBarController;
			sourceTree = "<group>";
		};
		FAC6DC86299D01EA00054D89 = {
			isa = PBXGroup;
			children = (
				FAC6DC91299D01EA00054D89 /* appBackFront */,
				FAC6DC90299D01EA00054D89 /* Products */,
				2F6E54B9FD969FD815E2C24D /* Pods */,
				85D835417DDD429C693D7591 /* Frameworks */,
			);
			sourceTree = "<group>";
		};
		FAC6DC90299D01EA00054D89 /* Products */ = {
			isa = PBXGroup;
			children = (
				FAC6DC8F299D01EA00054D89 /* appBackFront.app */,
			);
			name = Products;
			sourceTree = "<group>";
		};
		FAC6DC91299D01EA00054D89 /* appBackFront */ = {
			isa = PBXGroup;
			children = (
				FA2BC1CC29A6B2CC0038A263 /* Model */,
				FA2BC1C929A6B09F0038A263 /* Json */,
				FA2BC1C329A6AE210038A263 /* Service */,
				FAC359D429A65B8F005A2CFF /* Features */,
				FAC359DC29A65CF6005A2CFF /* TabBarController */,
				FA9C5B2D29A67E52001A8C52 /* Alert */,
				FA8BEFEE29A42CA100B43247 /* Utils */,
				FAC6DC92299D01EA00054D89 /* AppDelegate.swift */,
				FAC6DC94299D01EA00054D89 /* SceneDelegate.swift */,
				FAC6DC9B299D01ED00054D89 /* Assets.xcassets */,
				FAC6DC9D299D01ED00054D89 /* LaunchScreen.storyboard */,
				FA8BEFE429A4274900B43247 /* GoogleService-Info.plist */,
				FAC6DCA0299D01ED00054D89 /* Info.plist */,
			);
			path = appBackFront;
			sourceTree = "<group>";
		};
		FAC6DCA8299D051500054D89 /* Login */ = {
			isa = PBXGroup;
			children = (
				FA8BEFED29A42A8100B43247 /* ViewModel */,
				FA8BEFE129A423B900B43247 /* VC */,
				FA8BEFE029A423AE00B43247 /* Screen */,
			);
			path = Login;
			sourceTree = "<group>";
		};
		FAE3FC5E29A696FE00820ACF /* Screen */ = {
			isa = PBXGroup;
			children = (
				FAE3FC5F29A6971F00820ACF /* HomeScreen.swift */,
			);
			path = Screen;
			sourceTree = "<group>";
		};
/* End PBXGroup section */

/* Begin PBXNativeTarget section */
		FAC6DC8E299D01EA00054D89 /* appBackFront */ = {
			isa = PBXNativeTarget;
			buildConfigurationList = FAC6DCA3299D01ED00054D89 /* Build configuration list for PBXNativeTarget "appBackFront" */;
			buildPhases = (
				658D0151E0ABB301C8160A51 /* [CP] Check Pods Manifest.lock */,
				FAC6DC8B299D01EA00054D89 /* Sources */,
				FAC6DC8C299D01EA00054D89 /* Frameworks */,
				FAC6DC8D299D01EA00054D89 /* Resources */,
				FBA1272C26CD5FFE5FF8B2E5 /* [CP] Embed Pods Frameworks */,
			);
			buildRules = (
			);
			dependencies = (
			);
			name = appBackFront;
			packageProductDependencies = (
				FA8BEFE729A428DF00B43247 /* FirebaseAuth */,
				FA8BEFE929A428DF00B43247 /* FirebaseCrashlytics */,
			);
			productName = appBackFront;
			productReference = FAC6DC8F299D01EA00054D89 /* appBackFront.app */;
			productType = "com.apple.product-type.application";
		};
/* End PBXNativeTarget section */

/* Begin PBXProject section */
		FAC6DC87299D01EA00054D89 /* Project object */ = {
			isa = PBXProject;
			attributes = {
				BuildIndependentTargetsInParallel = 1;
				LastSwiftUpdateCheck = 1320;
				LastUpgradeCheck = 1320;
				TargetAttributes = {
					FAC6DC8E299D01EA00054D89 = {
						CreatedOnToolsVersion = 13.2.1;
					};
				};
			};
			buildConfigurationList = FAC6DC8A299D01EA00054D89 /* Build configuration list for PBXProject "appBackFront" */;
			compatibilityVersion = "Xcode 13.0";
			developmentRegion = en;
			hasScannedForEncodings = 0;
			knownRegions = (
				en,
				Base,
			);
			mainGroup = FAC6DC86299D01EA00054D89;
			packageReferences = (
				FA8BEFE629A428DF00B43247 /* XCRemoteSwiftPackageReference "firebase-ios-sdk" */,
			);
			productRefGroup = FAC6DC90299D01EA00054D89 /* Products */;
			projectDirPath = "";
			projectRoot = "";
			targets = (
				FAC6DC8E299D01EA00054D89 /* appBackFront */,
			);
		};
/* End PBXProject section */

/* Begin PBXResourcesBuildPhase section */
		FAC6DC8D299D01EA00054D89 /* Resources */ = {
			isa = PBXResourcesBuildPhase;
			buildActionMask = 2147483647;
			files = (
				FA2BC1CB29A6B0C90038A263 /* HomeData.json in Resources */,
				FAC6DC9F299D01ED00054D89 /* LaunchScreen.storyboard in Resources */,
				FAC6DC9C299D01ED00054D89 /* Assets.xcassets in Resources */,
				FA8BEFE529A4274900B43247 /* GoogleService-Info.plist in Resources */,
			);
			runOnlyForDeploymentPostprocessing = 0;
		};
/* End PBXResourcesBuildPhase section */

/* Begin PBXShellScriptBuildPhase section */
		658D0151E0ABB301C8160A51 /* [CP] Check Pods Manifest.lock */ = {
			isa = PBXShellScriptBuildPhase;
			buildActionMask = 2147483647;
			files = (
			);
			inputFileListPaths = (
			);
			inputPaths = (
				"${PODS_PODFILE_DIR_PATH}/Podfile.lock",
				"${PODS_ROOT}/Manifest.lock",
			);
			name = "[CP] Check Pods Manifest.lock";
			outputFileListPaths = (
			);
			outputPaths = (
				"$(DERIVED_FILE_DIR)/Pods-appBackFront-checkManifestLockResult.txt",
			);
			runOnlyForDeploymentPostprocessing = 0;
			shellPath = /bin/sh;
			shellScript = "diff \"${PODS_PODFILE_DIR_PATH}/Podfile.lock\" \"${PODS_ROOT}/Manifest.lock\" > /dev/null\nif [ $? != 0 ] ; then\n    # print error to STDERR\n    echo \"error: The sandbox is not in sync with the Podfile.lock. Run 'pod install' or update your CocoaPods installation.\" >&2\n    exit 1\nfi\n# This output is used by Xcode 'outputs' to avoid re-running this script phase.\necho \"SUCCESS\" > \"${SCRIPT_OUTPUT_FILE_0}\"\n";
			showEnvVarsInLog = 0;
		};
		FBA1272C26CD5FFE5FF8B2E5 /* [CP] Embed Pods Frameworks */ = {
			isa = PBXShellScriptBuildPhase;
			buildActionMask = 2147483647;
			files = (
			);
			inputFileListPaths = (
				"${PODS_ROOT}/Target Support Files/Pods-appBackFront/Pods-appBackFront-frameworks-${CONFIGURATION}-input-files.xcfilelist",
			);
			name = "[CP] Embed Pods Frameworks";
			outputFileListPaths = (
				"${PODS_ROOT}/Target Support Files/Pods-appBackFront/Pods-appBackFront-frameworks-${CONFIGURATION}-output-files.xcfilelist",
			);
			runOnlyForDeploymentPostprocessing = 0;
			shellPath = /bin/sh;
			shellScript = "\"${PODS_ROOT}/Target Support Files/Pods-appBackFront/Pods-appBackFront-frameworks.sh\"\n";
			showEnvVarsInLog = 0;
		};
/* End PBXShellScriptBuildPhase section */

/* Begin PBXSourcesBuildPhase section */
		FAC6DC8B299D01EA00054D89 /* Sources */ = {
			isa = PBXSourcesBuildPhase;
			buildActionMask = 2147483647;
			files = (
				FAC6DC97299D01EA00054D89 /* LoginVC.swift in Sources */,
				FA2BC1C229A6AC580038A263 /* HomeViewModel.swift in Sources */,
				FAE3FC6029A6971F00820ACF /* HomeScreen.swift in Sources */,
				FAC359D729A65BDB005A2CFF /* HomeVC.swift in Sources */,
				FAC6DCA7299D050700054D89 /* LoginScreen.swift in Sources */,
				FACC76B429A4441E0029D734 /* String+Extension.swift in Sources */,
				FAC359DB29A65C50005A2CFF /* TabBarVC.swift in Sources */,
				FAC6DC93299D01EA00054D89 /* AppDelegate.swift in Sources */,
				FA2BC1C529A6AE3B0038A263 /* HomeService.swift in Sources */,
				FA2BC1CE29A6B2F40038A263 /* NFTData.swift in Sources */,
				FA2BC1C829A6AE980038A263 /* GenericService.swift in Sources */,
				FA8BEFF129A42D3300B43247 /* UIViewController+Extesion.swift in Sources */,
				FA8BEFEC29A42A7C00B43247 /* LoginViewModel.swift in Sources */,
				FAC6DC95299D01EA00054D89 /* SceneDelegate.swift in Sources */,
				FA9C5B2F29A67FBC001A8C52 /* AlertController.swift in Sources */,
			);
			runOnlyForDeploymentPostprocessing = 0;
		};
/* End PBXSourcesBuildPhase section */

/* Begin PBXVariantGroup section */
		FAC6DC9D299D01ED00054D89 /* LaunchScreen.storyboard */ = {
			isa = PBXVariantGroup;
			children = (
				FAC6DC9E299D01ED00054D89 /* Base */,
			);
			name = LaunchScreen.storyboard;
			sourceTree = "<group>";
		};
/* End PBXVariantGroup section */

/* Begin XCBuildConfiguration section */
		FAC6DCA1299D01ED00054D89 /* Debug */ = {
			isa = XCBuildConfiguration;
			buildSettings = {
				ALWAYS_SEARCH_USER_PATHS = NO;
				CLANG_ANALYZER_NONNULL = YES;
				CLANG_ANALYZER_NUMBER_OBJECT_CONVERSION = YES_AGGRESSIVE;
				CLANG_CXX_LANGUAGE_STANDARD = "gnu++17";
				CLANG_CXX_LIBRARY = "libc++";
				CLANG_ENABLE_MODULES = YES;
				CLANG_ENABLE_OBJC_ARC = YES;
				CLANG_ENABLE_OBJC_WEAK = YES;
				CLANG_WARN_BLOCK_CAPTURE_AUTORELEASING = YES;
				CLANG_WARN_BOOL_CONVERSION = YES;
				CLANG_WARN_COMMA = YES;
				CLANG_WARN_CONSTANT_CONVERSION = YES;
				CLANG_WARN_DEPRECATED_OBJC_IMPLEMENTATIONS = YES;
				CLANG_WARN_DIRECT_OBJC_ISA_USAGE = YES_ERROR;
				CLANG_WARN_DOCUMENTATION_COMMENTS = YES;
				CLANG_WARN_EMPTY_BODY = YES;
				CLANG_WARN_ENUM_CONVERSION = YES;
				CLANG_WARN_INFINITE_RECURSION = YES;
				CLANG_WARN_INT_CONVERSION = YES;
				CLANG_WARN_NON_LITERAL_NULL_CONVERSION = YES;
				CLANG_WARN_OBJC_IMPLICIT_RETAIN_SELF = YES;
				CLANG_WARN_OBJC_LITERAL_CONVERSION = YES;
				CLANG_WARN_OBJC_ROOT_CLASS = YES_ERROR;
				CLANG_WARN_QUOTED_INCLUDE_IN_FRAMEWORK_HEADER = YES;
				CLANG_WARN_RANGE_LOOP_ANALYSIS = YES;
				CLANG_WARN_STRICT_PROTOTYPES = YES;
				CLANG_WARN_SUSPICIOUS_MOVE = YES;
				CLANG_WARN_UNGUARDED_AVAILABILITY = YES_AGGRESSIVE;
				CLANG_WARN_UNREACHABLE_CODE = YES;
				CLANG_WARN__DUPLICATE_METHOD_MATCH = YES;
				COPY_PHASE_STRIP = NO;
				DEBUG_INFORMATION_FORMAT = dwarf;
				ENABLE_STRICT_OBJC_MSGSEND = YES;
				ENABLE_TESTABILITY = YES;
				GCC_C_LANGUAGE_STANDARD = gnu11;
				GCC_DYNAMIC_NO_PIC = NO;
				GCC_NO_COMMON_BLOCKS = YES;
				GCC_OPTIMIZATION_LEVEL = 0;
				GCC_PREPROCESSOR_DEFINITIONS = (
					"DEBUG=1",
					"$(inherited)",
				);
				GCC_WARN_64_TO_32_BIT_CONVERSION = YES;
				GCC_WARN_ABOUT_RETURN_TYPE = YES_ERROR;
				GCC_WARN_UNDECLARED_SELECTOR = YES;
				GCC_WARN_UNINITIALIZED_AUTOS = YES_AGGRESSIVE;
				GCC_WARN_UNUSED_FUNCTION = YES;
				GCC_WARN_UNUSED_VARIABLE = YES;
				IPHONEOS_DEPLOYMENT_TARGET = 15.2;
				MTL_ENABLE_DEBUG_INFO = INCLUDE_SOURCE;
				MTL_FAST_MATH = YES;
				ONLY_ACTIVE_ARCH = YES;
				SDKROOT = iphoneos;
				SWIFT_ACTIVE_COMPILATION_CONDITIONS = DEBUG;
				SWIFT_OPTIMIZATION_LEVEL = "-Onone";
			};
			name = Debug;
		};
		FAC6DCA2299D01ED00054D89 /* Release */ = {
			isa = XCBuildConfiguration;
			buildSettings = {
				ALWAYS_SEARCH_USER_PATHS = NO;
				CLANG_ANALYZER_NONNULL = YES;
				CLANG_ANALYZER_NUMBER_OBJECT_CONVERSION = YES_AGGRESSIVE;
				CLANG_CXX_LANGUAGE_STANDARD = "gnu++17";
				CLANG_CXX_LIBRARY = "libc++";
				CLANG_ENABLE_MODULES = YES;
				CLANG_ENABLE_OBJC_ARC = YES;
				CLANG_ENABLE_OBJC_WEAK = YES;
				CLANG_WARN_BLOCK_CAPTURE_AUTORELEASING = YES;
				CLANG_WARN_BOOL_CONVERSION = YES;
				CLANG_WARN_COMMA = YES;
				CLANG_WARN_CONSTANT_CONVERSION = YES;
				CLANG_WARN_DEPRECATED_OBJC_IMPLEMENTATIONS = YES;
				CLANG_WARN_DIRECT_OBJC_ISA_USAGE = YES_ERROR;
				CLANG_WARN_DOCUMENTATION_COMMENTS = YES;
				CLANG_WARN_EMPTY_BODY = YES;
				CLANG_WARN_ENUM_CONVERSION = YES;
				CLANG_WARN_INFINITE_RECURSION = YES;
				CLANG_WARN_INT_CONVERSION = YES;
				CLANG_WARN_NON_LITERAL_NULL_CONVERSION = YES;
				CLANG_WARN_OBJC_IMPLICIT_RETAIN_SELF = YES;
				CLANG_WARN_OBJC_LITERAL_CONVERSION = YES;
				CLANG_WARN_OBJC_ROOT_CLASS = YES_ERROR;
				CLANG_WARN_QUOTED_INCLUDE_IN_FRAMEWORK_HEADER = YES;
				CLANG_WARN_RANGE_LOOP_ANALYSIS = YES;
				CLANG_WARN_STRICT_PROTOTYPES = YES;
				CLANG_WARN_SUSPICIOUS_MOVE = YES;
				CLANG_WARN_UNGUARDED_AVAILABILITY = YES_AGGRESSIVE;
				CLANG_WARN_UNREACHABLE_CODE = YES;
				CLANG_WARN__DUPLICATE_METHOD_MATCH = YES;
				COPY_PHASE_STRIP = NO;
				DEBUG_INFORMATION_FORMAT = "dwarf-with-dsym";
				ENABLE_NS_ASSERTIONS = NO;
				ENABLE_STRICT_OBJC_MSGSEND = YES;
				GCC_C_LANGUAGE_STANDARD = gnu11;
				GCC_NO_COMMON_BLOCKS = YES;
				GCC_WARN_64_TO_32_BIT_CONVERSION = YES;
				GCC_WARN_ABOUT_RETURN_TYPE = YES_ERROR;
				GCC_WARN_UNDECLARED_SELECTOR = YES;
				GCC_WARN_UNINITIALIZED_AUTOS = YES_AGGRESSIVE;
				GCC_WARN_UNUSED_FUNCTION = YES;
				GCC_WARN_UNUSED_VARIABLE = YES;
				IPHONEOS_DEPLOYMENT_TARGET = 15.2;
				MTL_ENABLE_DEBUG_INFO = NO;
				MTL_FAST_MATH = YES;
				SDKROOT = iphoneos;
				SWIFT_COMPILATION_MODE = wholemodule;
				SWIFT_OPTIMIZATION_LEVEL = "-O";
				VALIDATE_PRODUCT = YES;
			};
			name = Release;
		};
		FAC6DCA4299D01ED00054D89 /* Debug */ = {
			isa = XCBuildConfiguration;
			baseConfigurationReference = A02260551A6E5794BB4C2BAD /* Pods-appBackFront.debug.xcconfig */;
			buildSettings = {
				ASSETCATALOG_COMPILER_APPICON_NAME = AppIcon;
				ASSETCATALOG_COMPILER_GLOBAL_ACCENT_COLOR_NAME = AccentColor;
				CODE_SIGN_STYLE = Automatic;
				CURRENT_PROJECT_VERSION = 1;
				GENERATE_INFOPLIST_FILE = YES;
				INFOPLIST_FILE = appBackFront/Info.plist;
				INFOPLIST_KEY_UIApplicationSupportsIndirectInputEvents = YES;
				INFOPLIST_KEY_UILaunchStoryboardName = LaunchScreen;
				INFOPLIST_KEY_UISupportedInterfaceOrientations_iPad = "UIInterfaceOrientationPortrait UIInterfaceOrientationPortraitUpsideDown UIInterfaceOrientationLandscapeLeft UIInterfaceOrientationLandscapeRight";
				INFOPLIST_KEY_UISupportedInterfaceOrientations_iPhone = "UIInterfaceOrientationPortrait UIInterfaceOrientationLandscapeLeft UIInterfaceOrientationLandscapeRight";
				LD_RUNPATH_SEARCH_PATHS = (
					"$(inherited)",
					"@executable_path/Frameworks",
				);
				MARKETING_VERSION = 1.0;
				PRODUCT_BUNDLE_IDENTIFIER = com.igorfortti.appBackFront;
				PRODUCT_NAME = "$(TARGET_NAME)";
				SWIFT_EMIT_LOC_STRINGS = YES;
				SWIFT_VERSION = 5.0;
				TARGETED_DEVICE_FAMILY = "1,2";
			};
			name = Debug;
		};
		FAC6DCA5299D01ED00054D89 /* Release */ = {
			isa = XCBuildConfiguration;
			baseConfigurationReference = 0E6235E5848CBACAFFB35134 /* Pods-appBackFront.release.xcconfig */;
			buildSettings = {
				ASSETCATALOG_COMPILER_APPICON_NAME = AppIcon;
				ASSETCATALOG_COMPILER_GLOBAL_ACCENT_COLOR_NAME = AccentColor;
				CODE_SIGN_STYLE = Automatic;
				CURRENT_PROJECT_VERSION = 1;
				GENERATE_INFOPLIST_FILE = YES;
				INFOPLIST_FILE = appBackFront/Info.plist;
				INFOPLIST_KEY_UIApplicationSupportsIndirectInputEvents = YES;
				INFOPLIST_KEY_UILaunchStoryboardName = LaunchScreen;
				INFOPLIST_KEY_UISupportedInterfaceOrientations_iPad = "UIInterfaceOrientationPortrait UIInterfaceOrientationPortraitUpsideDown UIInterfaceOrientationLandscapeLeft UIInterfaceOrientationLandscapeRight";
				INFOPLIST_KEY_UISupportedInterfaceOrientations_iPhone = "UIInterfaceOrientationPortrait UIInterfaceOrientationLandscapeLeft UIInterfaceOrientationLandscapeRight";
				LD_RUNPATH_SEARCH_PATHS = (
					"$(inherited)",
					"@executable_path/Frameworks",
				);
				MARKETING_VERSION = 1.0;
				PRODUCT_BUNDLE_IDENTIFIER = com.igorfortti.appBackFront;
				PRODUCT_NAME = "$(TARGET_NAME)";
				SWIFT_EMIT_LOC_STRINGS = YES;
				SWIFT_VERSION = 5.0;
				TARGETED_DEVICE_FAMILY = "1,2";
			};
			name = Release;
		};
/* End XCBuildConfiguration section */

/* Begin XCConfigurationList section */
		FAC6DC8A299D01EA00054D89 /* Build configuration list for PBXProject "appBackFront" */ = {
			isa = XCConfigurationList;
			buildConfigurations = (
				FAC6DCA1299D01ED00054D89 /* Debug */,
				FAC6DCA2299D01ED00054D89 /* Release */,
			);
			defaultConfigurationIsVisible = 0;
			defaultConfigurationName = Release;
		};
		FAC6DCA3299D01ED00054D89 /* Build configuration list for PBXNativeTarget "appBackFront" */ = {
			isa = XCConfigurationList;
			buildConfigurations = (
				FAC6DCA4299D01ED00054D89 /* Debug */,
				FAC6DCA5299D01ED00054D89 /* Release */,
			);
			defaultConfigurationIsVisible = 0;
			defaultConfigurationName = Release;
		};
/* End XCConfigurationList section */

/* Begin XCRemoteSwiftPackageReference section */
		FA8BEFE629A428DF00B43247 /* XCRemoteSwiftPackageReference "firebase-ios-sdk" */ = {
			isa = XCRemoteSwiftPackageReference;
			repositoryURL = "https://github.com/firebase/firebase-ios-sdk";
			requirement = {
				kind = upToNextMajorVersion;
				minimumVersion = 9.0.0;
			};
		};
/* End XCRemoteSwiftPackageReference section */

/* Begin XCSwiftPackageProductDependency section */
		FA8BEFE729A428DF00B43247 /* FirebaseAuth */ = {
			isa = XCSwiftPackageProductDependency;
			package = FA8BEFE629A428DF00B43247 /* XCRemoteSwiftPackageReference "firebase-ios-sdk" */;
			productName = FirebaseAuth;
		};
		FA8BEFE929A428DF00B43247 /* FirebaseCrashlytics */ = {
			isa = XCSwiftPackageProductDependency;
			package = FA8BEFE629A428DF00B43247 /* XCRemoteSwiftPackageReference "firebase-ios-sdk" */;
			productName = FirebaseCrashlytics;
		};
/* End XCSwiftPackageProductDependency section */
	};
	rootObject = FAC6DC87299D01EA00054D89 /* Project object */;
}
